// !$*UTF8*$!
{
	archiveVersion = 1;
	classes = {
	};
	objectVersion = 51;
	objects = {

/* Begin PBXBuildFile section */
		429D7EA956C2AB28F25B1FDB /* Pods_MoviesTests.framework in Frameworks */ = {isa = PBXBuildFile; fileRef = B334C3D0FF56174AB57E38C6 /* Pods_MoviesTests.framework */; };
		B12BDDE0244AB67700705E74 /* MovieListingCell.swift in Sources */ = {isa = PBXBuildFile; fileRef = B12BDDDE244AB67700705E74 /* MovieListingCell.swift */; };
		B12BDDE1244AB67700705E74 /* MovieListingCell.xib in Resources */ = {isa = PBXBuildFile; fileRef = B12BDDDF244AB67700705E74 /* MovieListingCell.xib */; };
		B12BDDE5244AB73E00705E74 /* API.swift in Sources */ = {isa = PBXBuildFile; fileRef = B12BDDE4244AB73E00705E74 /* API.swift */; };
		B12BDDE7244AB7F600705E74 /* General.swift in Sources */ = {isa = PBXBuildFile; fileRef = B12BDDE6244AB7F600705E74 /* General.swift */; };
		B12BDDEB244ACA0200705E74 /* MovieListVM.swift in Sources */ = {isa = PBXBuildFile; fileRef = B12BDDEA244ACA0200705E74 /* MovieListVM.swift */; };
		B12BDDEE244ADAF400705E74 /* MovieModel.swift in Sources */ = {isa = PBXBuildFile; fileRef = B12BDDED244ADAF400705E74 /* MovieModel.swift */; };
		B12BDDF1244B420900705E74 /* Constants.swift in Sources */ = {isa = PBXBuildFile; fileRef = B12BDDF0244B420900705E74 /* Constants.swift */; };
		B12BDDF3244B42D600705E74 /* MovieDetailsView.swift in Sources */ = {isa = PBXBuildFile; fileRef = B12BDDF2244B42D600705E74 /* MovieDetailsView.swift */; };
		B12BDDF5244B43D700705E74 /* MovieDetailsVM.swift in Sources */ = {isa = PBXBuildFile; fileRef = B12BDDF4244B43D700705E74 /* MovieDetailsVM.swift */; };
		B12BDDF9244B633100705E74 /* SynopsisCell.swift in Sources */ = {isa = PBXBuildFile; fileRef = B12BDDF7244B633100705E74 /* SynopsisCell.swift */; };
		B12BDDFA244B633100705E74 /* SynopsisCell.xib in Resources */ = {isa = PBXBuildFile; fileRef = B12BDDF8244B633100705E74 /* SynopsisCell.xib */; };
		B12BDDFE244B657D00705E74 /* DetailsModel.swift in Sources */ = {isa = PBXBuildFile; fileRef = B12BDDFD244B657D00705E74 /* DetailsModel.swift */; };
		B12BDE00244B723200705E74 /* ReviewResponseModel.swift in Sources */ = {isa = PBXBuildFile; fileRef = B12BDDFF244B723200705E74 /* ReviewResponseModel.swift */; };
		B12BDE02244B736500705E74 /* MovieReviewsVM.swift in Sources */ = {isa = PBXBuildFile; fileRef = B12BDE01244B736500705E74 /* MovieReviewsVM.swift */; };
		B12BDE05244B741200705E74 /* ReviewIndicatorCell.swift in Sources */ = {isa = PBXBuildFile; fileRef = B12BDE03244B741200705E74 /* ReviewIndicatorCell.swift */; };
		B12BDE06244B741200705E74 /* ReviewIndicatorCell.xib in Resources */ = {isa = PBXBuildFile; fileRef = B12BDE04244B741200705E74 /* ReviewIndicatorCell.xib */; };
		B12BDE09244B772400705E74 /* CrewModel.swift in Sources */ = {isa = PBXBuildFile; fileRef = B12BDE08244B772400705E74 /* CrewModel.swift */; };
		B12BDE0C244B793400705E74 /* CrewListCell.swift in Sources */ = {isa = PBXBuildFile; fileRef = B12BDE0A244B793400705E74 /* CrewListCell.swift */; };
		B12BDE0D244B793400705E74 /* CrewListCell.xib in Resources */ = {isa = PBXBuildFile; fileRef = B12BDE0B244B793400705E74 /* CrewListCell.xib */; };
		B12BDE11244B7A2500705E74 /* CrewCell.swift in Sources */ = {isa = PBXBuildFile; fileRef = B12BDE0F244B7A2500705E74 /* CrewCell.swift */; };
		B12BDE12244B7A2500705E74 /* CrewCell.xib in Resources */ = {isa = PBXBuildFile; fileRef = B12BDE10244B7A2500705E74 /* CrewCell.xib */; };
		B12BDE15244B80B400705E74 /* ViewExtensions.swift in Sources */ = {isa = PBXBuildFile; fileRef = B12BDE14244B80B400705E74 /* ViewExtensions.swift */; };
		B163DE93244C059A00FAB54D /* ReviewsView.swift in Sources */ = {isa = PBXBuildFile; fileRef = B163DE92244C059A00FAB54D /* ReviewsView.swift */; };
		B163DE96244C070400FAB54D /* ReviewCell.swift in Sources */ = {isa = PBXBuildFile; fileRef = B163DE94244C070400FAB54D /* ReviewCell.swift */; };
		B163DE97244C070400FAB54D /* ReviewCell.xib in Resources */ = {isa = PBXBuildFile; fileRef = B163DE95244C070400FAB54D /* ReviewCell.xib */; };
		B163DE99244C1FBE00FAB54D /* StringExtensions.swift in Sources */ = {isa = PBXBuildFile; fileRef = B163DE98244C1FBE00FAB54D /* StringExtensions.swift */; };
		B163DEAA244C354300FAB54D /* SourceCodePro-Italic.ttf in Resources */ = {isa = PBXBuildFile; fileRef = B163DE9C244C354200FAB54D /* SourceCodePro-Italic.ttf */; };
		B163DEAB244C354300FAB54D /* SourceCodePro-Medium.ttf in Resources */ = {isa = PBXBuildFile; fileRef = B163DE9D244C354200FAB54D /* SourceCodePro-Medium.ttf */; };
		B163DEAC244C354300FAB54D /* SourceCodePro-MediumItalic.ttf in Resources */ = {isa = PBXBuildFile; fileRef = B163DE9E244C354300FAB54D /* SourceCodePro-MediumItalic.ttf */; };
		B163DEAD244C354300FAB54D /* SourceCodePro-Light.ttf in Resources */ = {isa = PBXBuildFile; fileRef = B163DE9F244C354300FAB54D /* SourceCodePro-Light.ttf */; };
		B163DEAE244C354300FAB54D /* SourceCodePro-ExtraLightItalic.ttf in Resources */ = {isa = PBXBuildFile; fileRef = B163DEA0244C354300FAB54D /* SourceCodePro-ExtraLightItalic.ttf */; };
		B163DEAF244C354300FAB54D /* SourceCodePro-BlackItalic.ttf in Resources */ = {isa = PBXBuildFile; fileRef = B163DEA1244C354300FAB54D /* SourceCodePro-BlackItalic.ttf */; };
		B163DEB0244C354300FAB54D /* SourceCodePro-Regular.ttf in Resources */ = {isa = PBXBuildFile; fileRef = B163DEA2244C354300FAB54D /* SourceCodePro-Regular.ttf */; };
		B163DEB1244C354300FAB54D /* SourceCodePro-LightItalic.ttf in Resources */ = {isa = PBXBuildFile; fileRef = B163DEA3244C354300FAB54D /* SourceCodePro-LightItalic.ttf */; };
		B163DEB2244C354300FAB54D /* SourceCodePro-SemiBold.ttf in Resources */ = {isa = PBXBuildFile; fileRef = B163DEA4244C354300FAB54D /* SourceCodePro-SemiBold.ttf */; };
		B163DEB3244C354300FAB54D /* SourceCodePro-BoldItalic.ttf in Resources */ = {isa = PBXBuildFile; fileRef = B163DEA5244C354300FAB54D /* SourceCodePro-BoldItalic.ttf */; };
		B163DEB4244C354300FAB54D /* SourceCodePro-Black.ttf in Resources */ = {isa = PBXBuildFile; fileRef = B163DEA6244C354300FAB54D /* SourceCodePro-Black.ttf */; };
		B163DEB5244C354300FAB54D /* SourceCodePro-Bold.ttf in Resources */ = {isa = PBXBuildFile; fileRef = B163DEA7244C354300FAB54D /* SourceCodePro-Bold.ttf */; };
		B163DEB6244C354300FAB54D /* SourceCodePro-SemiBoldItalic.ttf in Resources */ = {isa = PBXBuildFile; fileRef = B163DEA8244C354300FAB54D /* SourceCodePro-SemiBoldItalic.ttf */; };
		B163DEB7244C354300FAB54D /* SourceCodePro-ExtraLight.ttf in Resources */ = {isa = PBXBuildFile; fileRef = B163DEA9244C354300FAB54D /* SourceCodePro-ExtraLight.ttf */; };
		B163DEBA244C39E100FAB54D /* UIColorExtensions.swift in Sources */ = {isa = PBXBuildFile; fileRef = B163DEB9244C39E100FAB54D /* UIColorExtensions.swift */; };
		B196A496244A165F00D3D2E0 /* AppDelegate.swift in Sources */ = {isa = PBXBuildFile; fileRef = B196A495244A165F00D3D2E0 /* AppDelegate.swift */; };
		B196A498244A165F00D3D2E0 /* SceneDelegate.swift in Sources */ = {isa = PBXBuildFile; fileRef = B196A497244A165F00D3D2E0 /* SceneDelegate.swift */; };
		B196A49A244A165F00D3D2E0 /* MovieListView.swift in Sources */ = {isa = PBXBuildFile; fileRef = B196A499244A165F00D3D2E0 /* MovieListView.swift */; };
		B196A49D244A165F00D3D2E0 /* Main.storyboard in Resources */ = {isa = PBXBuildFile; fileRef = B196A49B244A165F00D3D2E0 /* Main.storyboard */; };
		B196A49F244A166200D3D2E0 /* Assets.xcassets in Resources */ = {isa = PBXBuildFile; fileRef = B196A49E244A166200D3D2E0 /* Assets.xcassets */; };
		B196A4A2244A166200D3D2E0 /* LaunchScreen.storyboard in Resources */ = {isa = PBXBuildFile; fileRef = B196A4A0244A166200D3D2E0 /* LaunchScreen.storyboard */; };
		B196A4AD244A166200D3D2E0 /* MoviesTests.swift in Sources */ = {isa = PBXBuildFile; fileRef = B196A4AC244A166200D3D2E0 /* MoviesTests.swift */; };
		B196A4B8244A166200D3D2E0 /* MoviesUITests.swift in Sources */ = {isa = PBXBuildFile; fileRef = B196A4B7244A166200D3D2E0 /* MoviesUITests.swift */; };
		D2E359DAB03A55F3BBBC4C73 /* Pods_Movies.framework in Frameworks */ = {isa = PBXBuildFile; fileRef = 00A691EBE9A5836941CD6CF6 /* Pods_Movies.framework */; };
		D35CEBECCAD3B1151400E325 /* Pods_Movies_MoviesUITests.framework in Frameworks */ = {isa = PBXBuildFile; fileRef = FB7759F010E91C371714A0B2 /* Pods_Movies_MoviesUITests.framework */; };
/* End PBXBuildFile section */

/* Begin PBXContainerItemProxy section */
		B196A4A9244A166200D3D2E0 /* PBXContainerItemProxy */ = {
			isa = PBXContainerItemProxy;
			containerPortal = B196A48A244A165F00D3D2E0 /* Project object */;
			proxyType = 1;
			remoteGlobalIDString = B196A491244A165F00D3D2E0;
			remoteInfo = Movies;
		};
		B196A4B4244A166200D3D2E0 /* PBXContainerItemProxy */ = {
			isa = PBXContainerItemProxy;
			containerPortal = B196A48A244A165F00D3D2E0 /* Project object */;
			proxyType = 1;
			remoteGlobalIDString = B196A491244A165F00D3D2E0;
			remoteInfo = Movies;
		};
/* End PBXContainerItemProxy section */

/* Begin PBXFileReference section */
		00A691EBE9A5836941CD6CF6 /* Pods_Movies.framework */ = {isa = PBXFileReference; explicitFileType = wrapper.framework; includeInIndex = 0; path = Pods_Movies.framework; sourceTree = BUILT_PRODUCTS_DIR; };
		6C70B89F99F3F8E0265F675B /* Pods-Movies-MoviesUITests.release.xcconfig */ = {isa = PBXFileReference; includeInIndex = 1; lastKnownFileType = text.xcconfig; name = "Pods-Movies-MoviesUITests.release.xcconfig"; path = "Target Support Files/Pods-Movies-MoviesUITests/Pods-Movies-MoviesUITests.release.xcconfig"; sourceTree = "<group>"; };
		898051EC1C823BA6EA28A371 /* Pods-Movies.debug.xcconfig */ = {isa = PBXFileReference; includeInIndex = 1; lastKnownFileType = text.xcconfig; name = "Pods-Movies.debug.xcconfig"; path = "Target Support Files/Pods-Movies/Pods-Movies.debug.xcconfig"; sourceTree = "<group>"; };
		B12BDDDE244AB67700705E74 /* MovieListingCell.swift */ = {isa = PBXFileReference; lastKnownFileType = sourcecode.swift; path = MovieListingCell.swift; sourceTree = "<group>"; };
		B12BDDDF244AB67700705E74 /* MovieListingCell.xib */ = {isa = PBXFileReference; lastKnownFileType = file.xib; path = MovieListingCell.xib; sourceTree = "<group>"; };
		B12BDDE4244AB73E00705E74 /* API.swift */ = {isa = PBXFileReference; lastKnownFileType = sourcecode.swift; path = API.swift; sourceTree = "<group>"; };
		B12BDDE6244AB7F600705E74 /* General.swift */ = {isa = PBXFileReference; lastKnownFileType = sourcecode.swift; path = General.swift; sourceTree = "<group>"; };
		B12BDDEA244ACA0200705E74 /* MovieListVM.swift */ = {isa = PBXFileReference; lastKnownFileType = sourcecode.swift; path = MovieListVM.swift; sourceTree = "<group>"; };
		B12BDDED244ADAF400705E74 /* MovieModel.swift */ = {isa = PBXFileReference; lastKnownFileType = sourcecode.swift; path = MovieModel.swift; sourceTree = "<group>"; };
		B12BDDF0244B420900705E74 /* Constants.swift */ = {isa = PBXFileReference; lastKnownFileType = sourcecode.swift; path = Constants.swift; sourceTree = "<group>"; };
		B12BDDF2244B42D600705E74 /* MovieDetailsView.swift */ = {isa = PBXFileReference; lastKnownFileType = sourcecode.swift; path = MovieDetailsView.swift; sourceTree = "<group>"; };
		B12BDDF4244B43D700705E74 /* MovieDetailsVM.swift */ = {isa = PBXFileReference; lastKnownFileType = sourcecode.swift; path = MovieDetailsVM.swift; sourceTree = "<group>"; };
		B12BDDF7244B633100705E74 /* SynopsisCell.swift */ = {isa = PBXFileReference; lastKnownFileType = sourcecode.swift; path = SynopsisCell.swift; sourceTree = "<group>"; };
		B12BDDF8244B633100705E74 /* SynopsisCell.xib */ = {isa = PBXFileReference; lastKnownFileType = file.xib; path = SynopsisCell.xib; sourceTree = "<group>"; };
		B12BDDFD244B657D00705E74 /* DetailsModel.swift */ = {isa = PBXFileReference; lastKnownFileType = sourcecode.swift; path = DetailsModel.swift; sourceTree = "<group>"; };
		B12BDDFF244B723200705E74 /* ReviewResponseModel.swift */ = {isa = PBXFileReference; lastKnownFileType = sourcecode.swift; path = ReviewResponseModel.swift; sourceTree = "<group>"; };
		B12BDE01244B736500705E74 /* MovieReviewsVM.swift */ = {isa = PBXFileReference; lastKnownFileType = sourcecode.swift; name = MovieReviewsVM.swift; path = Movies/ViewControllers/MovieReviewsVM.swift; sourceTree = SOURCE_ROOT; };
		B12BDE03244B741200705E74 /* ReviewIndicatorCell.swift */ = {isa = PBXFileReference; lastKnownFileType = sourcecode.swift; path = ReviewIndicatorCell.swift; sourceTree = "<group>"; };
		B12BDE04244B741200705E74 /* ReviewIndicatorCell.xib */ = {isa = PBXFileReference; lastKnownFileType = file.xib; path = ReviewIndicatorCell.xib; sourceTree = "<group>"; };
		B12BDE08244B772400705E74 /* CrewModel.swift */ = {isa = PBXFileReference; lastKnownFileType = sourcecode.swift; path = CrewModel.swift; sourceTree = "<group>"; };
		B12BDE0A244B793400705E74 /* CrewListCell.swift */ = {isa = PBXFileReference; lastKnownFileType = sourcecode.swift; path = CrewListCell.swift; sourceTree = "<group>"; };
		B12BDE0B244B793400705E74 /* CrewListCell.xib */ = {isa = PBXFileReference; lastKnownFileType = file.xib; path = CrewListCell.xib; sourceTree = "<group>"; };
		B12BDE0F244B7A2500705E74 /* CrewCell.swift */ = {isa = PBXFileReference; lastKnownFileType = sourcecode.swift; path = CrewCell.swift; sourceTree = "<group>"; };
		B12BDE10244B7A2500705E74 /* CrewCell.xib */ = {isa = PBXFileReference; lastKnownFileType = file.xib; path = CrewCell.xib; sourceTree = "<group>"; };
		B12BDE14244B80B400705E74 /* ViewExtensions.swift */ = {isa = PBXFileReference; lastKnownFileType = sourcecode.swift; path = ViewExtensions.swift; sourceTree = "<group>"; };
		B163DE92244C059A00FAB54D /* ReviewsView.swift */ = {isa = PBXFileReference; lastKnownFileType = sourcecode.swift; path = ReviewsView.swift; sourceTree = "<group>"; };
		B163DE94244C070400FAB54D /* ReviewCell.swift */ = {isa = PBXFileReference; lastKnownFileType = sourcecode.swift; path = ReviewCell.swift; sourceTree = "<group>"; };
		B163DE95244C070400FAB54D /* ReviewCell.xib */ = {isa = PBXFileReference; lastKnownFileType = file.xib; path = ReviewCell.xib; sourceTree = "<group>"; };
		B163DE98244C1FBE00FAB54D /* StringExtensions.swift */ = {isa = PBXFileReference; lastKnownFileType = sourcecode.swift; path = StringExtensions.swift; sourceTree = "<group>"; };
		B163DE9C244C354200FAB54D /* SourceCodePro-Italic.ttf */ = {isa = PBXFileReference; lastKnownFileType = file; path = "SourceCodePro-Italic.ttf"; sourceTree = "<group>"; };
		B163DE9D244C354200FAB54D /* SourceCodePro-Medium.ttf */ = {isa = PBXFileReference; lastKnownFileType = file; path = "SourceCodePro-Medium.ttf"; sourceTree = "<group>"; };
		B163DE9E244C354300FAB54D /* SourceCodePro-MediumItalic.ttf */ = {isa = PBXFileReference; lastKnownFileType = file; path = "SourceCodePro-MediumItalic.ttf"; sourceTree = "<group>"; };
		B163DE9F244C354300FAB54D /* SourceCodePro-Light.ttf */ = {isa = PBXFileReference; lastKnownFileType = file; path = "SourceCodePro-Light.ttf"; sourceTree = "<group>"; };
		B163DEA0244C354300FAB54D /* SourceCodePro-ExtraLightItalic.ttf */ = {isa = PBXFileReference; lastKnownFileType = file; path = "SourceCodePro-ExtraLightItalic.ttf"; sourceTree = "<group>"; };
		B163DEA1244C354300FAB54D /* SourceCodePro-BlackItalic.ttf */ = {isa = PBXFileReference; lastKnownFileType = file; path = "SourceCodePro-BlackItalic.ttf"; sourceTree = "<group>"; };
		B163DEA2244C354300FAB54D /* SourceCodePro-Regular.ttf */ = {isa = PBXFileReference; lastKnownFileType = file; path = "SourceCodePro-Regular.ttf"; sourceTree = "<group>"; };
		B163DEA3244C354300FAB54D /* SourceCodePro-LightItalic.ttf */ = {isa = PBXFileReference; lastKnownFileType = file; path = "SourceCodePro-LightItalic.ttf"; sourceTree = "<group>"; };
		B163DEA4244C354300FAB54D /* SourceCodePro-SemiBold.ttf */ = {isa = PBXFileReference; lastKnownFileType = file; path = "SourceCodePro-SemiBold.ttf"; sourceTree = "<group>"; };
		B163DEA5244C354300FAB54D /* SourceCodePro-BoldItalic.ttf */ = {isa = PBXFileReference; lastKnownFileType = file; path = "SourceCodePro-BoldItalic.ttf"; sourceTree = "<group>"; };
		B163DEA6244C354300FAB54D /* SourceCodePro-Black.ttf */ = {isa = PBXFileReference; lastKnownFileType = file; path = "SourceCodePro-Black.ttf"; sourceTree = "<group>"; };
		B163DEA7244C354300FAB54D /* SourceCodePro-Bold.ttf */ = {isa = PBXFileReference; lastKnownFileType = file; path = "SourceCodePro-Bold.ttf"; sourceTree = "<group>"; };
		B163DEA8244C354300FAB54D /* SourceCodePro-SemiBoldItalic.ttf */ = {isa = PBXFileReference; lastKnownFileType = file; path = "SourceCodePro-SemiBoldItalic.ttf"; sourceTree = "<group>"; };
		B163DEA9244C354300FAB54D /* SourceCodePro-ExtraLight.ttf */ = {isa = PBXFileReference; lastKnownFileType = file; path = "SourceCodePro-ExtraLight.ttf"; sourceTree = "<group>"; };
		B163DEB9244C39E100FAB54D /* UIColorExtensions.swift */ = {isa = PBXFileReference; lastKnownFileType = sourcecode.swift; path = UIColorExtensions.swift; sourceTree = "<group>"; };
		B196A492244A165F00D3D2E0 /* Movies.app */ = {isa = PBXFileReference; explicitFileType = wrapper.application; includeInIndex = 0; path = Movies.app; sourceTree = BUILT_PRODUCTS_DIR; };
		B196A495244A165F00D3D2E0 /* AppDelegate.swift */ = {isa = PBXFileReference; lastKnownFileType = sourcecode.swift; path = AppDelegate.swift; sourceTree = "<group>"; };
		B196A497244A165F00D3D2E0 /* SceneDelegate.swift */ = {isa = PBXFileReference; lastKnownFileType = sourcecode.swift; path = SceneDelegate.swift; sourceTree = "<group>"; };
		B196A499244A165F00D3D2E0 /* MovieListView.swift */ = {isa = PBXFileReference; lastKnownFileType = sourcecode.swift; path = MovieListView.swift; sourceTree = "<group>"; };
		B196A49C244A165F00D3D2E0 /* Base */ = {isa = PBXFileReference; lastKnownFileType = file.storyboard; name = Base; path = Base.lproj/Main.storyboard; sourceTree = "<group>"; };
		B196A49E244A166200D3D2E0 /* Assets.xcassets */ = {isa = PBXFileReference; lastKnownFileType = folder.assetcatalog; path = Assets.xcassets; sourceTree = "<group>"; };
		B196A4A1244A166200D3D2E0 /* Base */ = {isa = PBXFileReference; lastKnownFileType = file.storyboard; name = Base; path = Base.lproj/LaunchScreen.storyboard; sourceTree = "<group>"; };
		B196A4A3244A166200D3D2E0 /* Info.plist */ = {isa = PBXFileReference; lastKnownFileType = text.plist.xml; path = Info.plist; sourceTree = "<group>"; };
		B196A4A8244A166200D3D2E0 /* MoviesTests.xctest */ = {isa = PBXFileReference; explicitFileType = wrapper.cfbundle; includeInIndex = 0; path = MoviesTests.xctest; sourceTree = BUILT_PRODUCTS_DIR; };
		B196A4AC244A166200D3D2E0 /* MoviesTests.swift */ = {isa = PBXFileReference; lastKnownFileType = sourcecode.swift; path = MoviesTests.swift; sourceTree = "<group>"; };
		B196A4AE244A166200D3D2E0 /* Info.plist */ = {isa = PBXFileReference; lastKnownFileType = text.plist.xml; path = Info.plist; sourceTree = "<group>"; };
		B196A4B3244A166200D3D2E0 /* MoviesUITests.xctest */ = {isa = PBXFileReference; explicitFileType = wrapper.cfbundle; includeInIndex = 0; path = MoviesUITests.xctest; sourceTree = BUILT_PRODUCTS_DIR; };
		B196A4B7244A166200D3D2E0 /* MoviesUITests.swift */ = {isa = PBXFileReference; lastKnownFileType = sourcecode.swift; path = MoviesUITests.swift; sourceTree = "<group>"; };
		B196A4B9244A166200D3D2E0 /* Info.plist */ = {isa = PBXFileReference; lastKnownFileType = text.plist.xml; path = Info.plist; sourceTree = "<group>"; };
		B334C3D0FF56174AB57E38C6 /* Pods_MoviesTests.framework */ = {isa = PBXFileReference; explicitFileType = wrapper.framework; includeInIndex = 0; path = Pods_MoviesTests.framework; sourceTree = BUILT_PRODUCTS_DIR; };
		CBFF2456130B036EE88E4668 /* Pods-MoviesTests.release.xcconfig */ = {isa = PBXFileReference; includeInIndex = 1; lastKnownFileType = text.xcconfig; name = "Pods-MoviesTests.release.xcconfig"; path = "Target Support Files/Pods-MoviesTests/Pods-MoviesTests.release.xcconfig"; sourceTree = "<group>"; };
		D9786D16F82B8AE0072839F6 /* Pods-Movies.release.xcconfig */ = {isa = PBXFileReference; includeInIndex = 1; lastKnownFileType = text.xcconfig; name = "Pods-Movies.release.xcconfig"; path = "Target Support Files/Pods-Movies/Pods-Movies.release.xcconfig"; sourceTree = "<group>"; };
		F198D0201E54C4829EC1DEC7 /* Pods-MoviesTests.debug.xcconfig */ = {isa = PBXFileReference; includeInIndex = 1; lastKnownFileType = text.xcconfig; name = "Pods-MoviesTests.debug.xcconfig"; path = "Target Support Files/Pods-MoviesTests/Pods-MoviesTests.debug.xcconfig"; sourceTree = "<group>"; };
		F44703C4A20339BB8A05ED72 /* Pods-Movies-MoviesUITests.debug.xcconfig */ = {isa = PBXFileReference; includeInIndex = 1; lastKnownFileType = text.xcconfig; name = "Pods-Movies-MoviesUITests.debug.xcconfig"; path = "Target Support Files/Pods-Movies-MoviesUITests/Pods-Movies-MoviesUITests.debug.xcconfig"; sourceTree = "<group>"; };
		FB7759F010E91C371714A0B2 /* Pods_Movies_MoviesUITests.framework */ = {isa = PBXFileReference; explicitFileType = wrapper.framework; includeInIndex = 0; path = Pods_Movies_MoviesUITests.framework; sourceTree = BUILT_PRODUCTS_DIR; };
/* End PBXFileReference section */

/* Begin PBXFrameworksBuildPhase section */
		B196A48F244A165F00D3D2E0 /* Frameworks */ = {
			isa = PBXFrameworksBuildPhase;
			buildActionMask = 2147483647;
			files = (
				D2E359DAB03A55F3BBBC4C73 /* Pods_Movies.framework in Frameworks */,
			);
			runOnlyForDeploymentPostprocessing = 0;
		};
		B196A4A5244A166200D3D2E0 /* Frameworks */ = {
			isa = PBXFrameworksBuildPhase;
			buildActionMask = 2147483647;
			files = (
				429D7EA956C2AB28F25B1FDB /* Pods_MoviesTests.framework in Frameworks */,
			);
			runOnlyForDeploymentPostprocessing = 0;
		};
		B196A4B0244A166200D3D2E0 /* Frameworks */ = {
			isa = PBXFrameworksBuildPhase;
			buildActionMask = 2147483647;
			files = (
				D35CEBECCAD3B1151400E325 /* Pods_Movies_MoviesUITests.framework in Frameworks */,
			);
			runOnlyForDeploymentPostprocessing = 0;
		};
/* End PBXFrameworksBuildPhase section */

/* Begin PBXGroup section */
		AA0D6111BCAA956B9D848DFB /* Frameworks */ = {
			isa = PBXGroup;
			children = (
				00A691EBE9A5836941CD6CF6 /* Pods_Movies.framework */,
				FB7759F010E91C371714A0B2 /* Pods_Movies_MoviesUITests.framework */,
				B334C3D0FF56174AB57E38C6 /* Pods_MoviesTests.framework */,
			);
			name = Frameworks;
			sourceTree = "<group>";
		};
		B12BDDDD244AB64F00705E74 /* ViewControllers */ = {
			isa = PBXGroup;
			children = (
				B196A499244A165F00D3D2E0 /* MovieListView.swift */,
				B12BDDF2244B42D600705E74 /* MovieDetailsView.swift */,
				B163DE92244C059A00FAB54D /* ReviewsView.swift */,
			);
			path = ViewControllers;
			sourceTree = "<group>";
		};
		B12BDDE2244AB68400705E74 /* Cells */ = {
			isa = PBXGroup;
			children = (
				B12BDDFC244B633F00705E74 /* MovieDetailsScreen */,
				B12BDDF6244B592500705E74 /* MovieListingScreen */,
				B163DE9B244C318800FAB54D /* ReviewScreen */,
			);
			path = Cells;
			sourceTree = "<group>";
		};
		B12BDDE3244AB68D00705E74 /* MovieListingCell */ = {
			isa = PBXGroup;
			children = (
				B12BDDDE244AB67700705E74 /* MovieListingCell.swift */,
				B12BDDDF244AB67700705E74 /* MovieListingCell.xib */,
			);
			path = MovieListingCell;
			sourceTree = "<group>";
		};
		B12BDDEC244ACA0700705E74 /* ViewModels */ = {
			isa = PBXGroup;
			children = (
				B12BDDEA244ACA0200705E74 /* MovieListVM.swift */,
				B12BDDF4244B43D700705E74 /* MovieDetailsVM.swift */,
				B12BDE01244B736500705E74 /* MovieReviewsVM.swift */,
			);
			path = ViewModels;
			sourceTree = "<group>";
		};
		B12BDDEF244AE37900705E74 /* Models */ = {
			isa = PBXGroup;
			children = (
				B12BDDED244ADAF400705E74 /* MovieModel.swift */,
				B12BDDFD244B657D00705E74 /* DetailsModel.swift */,
				B12BDE08244B772400705E74 /* CrewModel.swift */,
				B12BDDFF244B723200705E74 /* ReviewResponseModel.swift */,
			);
			path = Models;
			sourceTree = "<group>";
		};
		B12BDDF6244B592500705E74 /* MovieListingScreen */ = {
			isa = PBXGroup;
			children = (
				B12BDDE3244AB68D00705E74 /* MovieListingCell */,
			);
			path = MovieListingScreen;
			sourceTree = "<group>";
		};
		B12BDDFB244B633600705E74 /* SynopsisCell */ = {
			isa = PBXGroup;
			children = (
				B12BDDF7244B633100705E74 /* SynopsisCell.swift */,
				B12BDDF8244B633100705E74 /* SynopsisCell.xib */,
			);
			path = SynopsisCell;
			sourceTree = "<group>";
		};
		B12BDDFC244B633F00705E74 /* MovieDetailsScreen */ = {
			isa = PBXGroup;
			children = (
				B12BDDFB244B633600705E74 /* SynopsisCell */,
				B12BDE07244B741A00705E74 /* ReviewIndicatorCell */,
				B12BDE0E244B793900705E74 /* CrewListCell */,
				B12BDE13244B7A2D00705E74 /* CrewCell */,
			);
			path = MovieDetailsScreen;
			sourceTree = "<group>";
		};
		B12BDE07244B741A00705E74 /* ReviewIndicatorCell */ = {
			isa = PBXGroup;
			children = (
				B12BDE03244B741200705E74 /* ReviewIndicatorCell.swift */,
				B12BDE04244B741200705E74 /* ReviewIndicatorCell.xib */,
			);
			path = ReviewIndicatorCell;
			sourceTree = "<group>";
		};
		B12BDE0E244B793900705E74 /* CrewListCell */ = {
			isa = PBXGroup;
			children = (
				B12BDE0A244B793400705E74 /* CrewListCell.swift */,
				B12BDE0B244B793400705E74 /* CrewListCell.xib */,
			);
			path = CrewListCell;
			sourceTree = "<group>";
		};
		B12BDE13244B7A2D00705E74 /* CrewCell */ = {
			isa = PBXGroup;
			children = (
				B12BDE0F244B7A2500705E74 /* CrewCell.swift */,
				B12BDE10244B7A2500705E74 /* CrewCell.xib */,
			);
			path = CrewCell;
			sourceTree = "<group>";
		};
		B163DE9A244C317D00FAB54D /* ReviewCell */ = {
			isa = PBXGroup;
			children = (
				B163DE94244C070400FAB54D /* ReviewCell.swift */,
				B163DE95244C070400FAB54D /* ReviewCell.xib */,
			);
			path = ReviewCell;
			sourceTree = "<group>";
		};
		B163DE9B244C318800FAB54D /* ReviewScreen */ = {
			isa = PBXGroup;
			children = (
				B163DE9A244C317D00FAB54D /* ReviewCell */,
			);
			path = ReviewScreen;
			sourceTree = "<group>";
		};
		B163DEB8244C354C00FAB54D /* Fonts */ = {
			isa = PBXGroup;
			children = (
				B163DEA6244C354300FAB54D /* SourceCodePro-Black.ttf */,
				B163DEA1244C354300FAB54D /* SourceCodePro-BlackItalic.ttf */,
				B163DEA7244C354300FAB54D /* SourceCodePro-Bold.ttf */,
				B163DEA5244C354300FAB54D /* SourceCodePro-BoldItalic.ttf */,
				B163DEA9244C354300FAB54D /* SourceCodePro-ExtraLight.ttf */,
				B163DEA0244C354300FAB54D /* SourceCodePro-ExtraLightItalic.ttf */,
				B163DE9C244C354200FAB54D /* SourceCodePro-Italic.ttf */,
				B163DE9F244C354300FAB54D /* SourceCodePro-Light.ttf */,
				B163DEA3244C354300FAB54D /* SourceCodePro-LightItalic.ttf */,
				B163DE9D244C354200FAB54D /* SourceCodePro-Medium.ttf */,
				B163DE9E244C354300FAB54D /* SourceCodePro-MediumItalic.ttf */,
				B163DEA2244C354300FAB54D /* SourceCodePro-Regular.ttf */,
				B163DEA4244C354300FAB54D /* SourceCodePro-SemiBold.ttf */,
				B163DEA8244C354300FAB54D /* SourceCodePro-SemiBoldItalic.ttf */,
			);
			path = Fonts;
			sourceTree = "<group>";
		};
		B196A489244A165F00D3D2E0 = {
			isa = PBXGroup;
			children = (
				B196A494244A165F00D3D2E0 /* Movies */,
				B196A4AB244A166200D3D2E0 /* MoviesTests */,
				B196A4B6244A166200D3D2E0 /* MoviesUITests */,
				B196A493244A165F00D3D2E0 /* Products */,
				BA7C5ADDA59584400243FC51 /* Pods */,
				AA0D6111BCAA956B9D848DFB /* Frameworks */,
			);
			sourceTree = "<group>";
		};
		B196A493244A165F00D3D2E0 /* Products */ = {
			isa = PBXGroup;
			children = (
				B196A492244A165F00D3D2E0 /* Movies.app */,
				B196A4A8244A166200D3D2E0 /* MoviesTests.xctest */,
				B196A4B3244A166200D3D2E0 /* MoviesUITests.xctest */,
			);
			name = Products;
			sourceTree = "<group>";
		};
		B196A494244A165F00D3D2E0 /* Movies */ = {
			isa = PBXGroup;
			children = (
				B196A495244A165F00D3D2E0 /* AppDelegate.swift */,
				B196A497244A165F00D3D2E0 /* SceneDelegate.swift */,
				B163DEB8244C354C00FAB54D /* Fonts */,
				B12BDDE4244AB73E00705E74 /* API.swift */,
				B12BDDE6244AB7F600705E74 /* General.swift */,
				B12BDE14244B80B400705E74 /* ViewExtensions.swift */,
				B163DE98244C1FBE00FAB54D /* StringExtensions.swift */,
				B163DEB9244C39E100FAB54D /* UIColorExtensions.swift */,
				B12BDDF0244B420900705E74 /* Constants.swift */,
				B12BDDEF244AE37900705E74 /* Models */,
				B12BDDDD244AB64F00705E74 /* ViewControllers */,
				B12BDDEC244ACA0700705E74 /* ViewModels */,
				B12BDDE2244AB68400705E74 /* Cells */,
				B196A49B244A165F00D3D2E0 /* Main.storyboard */,
				B196A49E244A166200D3D2E0 /* Assets.xcassets */,
				B196A4A0244A166200D3D2E0 /* LaunchScreen.storyboard */,
				B196A4A3244A166200D3D2E0 /* Info.plist */,
			);
			path = Movies;
			sourceTree = "<group>";
		};
		B196A4AB244A166200D3D2E0 /* MoviesTests */ = {
			isa = PBXGroup;
			children = (
				B196A4AC244A166200D3D2E0 /* MoviesTests.swift */,
				B196A4AE244A166200D3D2E0 /* Info.plist */,
			);
			path = MoviesTests;
			sourceTree = "<group>";
		};
		B196A4B6244A166200D3D2E0 /* MoviesUITests */ = {
			isa = PBXGroup;
			children = (
				B196A4B7244A166200D3D2E0 /* MoviesUITests.swift */,
				B196A4B9244A166200D3D2E0 /* Info.plist */,
			);
			path = MoviesUITests;
			sourceTree = "<group>";
		};
		BA7C5ADDA59584400243FC51 /* Pods */ = {
			isa = PBXGroup;
			children = (
				898051EC1C823BA6EA28A371 /* Pods-Movies.debug.xcconfig */,
				D9786D16F82B8AE0072839F6 /* Pods-Movies.release.xcconfig */,
				F44703C4A20339BB8A05ED72 /* Pods-Movies-MoviesUITests.debug.xcconfig */,
				6C70B89F99F3F8E0265F675B /* Pods-Movies-MoviesUITests.release.xcconfig */,
				F198D0201E54C4829EC1DEC7 /* Pods-MoviesTests.debug.xcconfig */,
				CBFF2456130B036EE88E4668 /* Pods-MoviesTests.release.xcconfig */,
			);
			path = Pods;
			sourceTree = "<group>";
		};
/* End PBXGroup section */

/* Begin PBXNativeTarget section */
		B196A491244A165F00D3D2E0 /* Movies */ = {
			isa = PBXNativeTarget;
			buildConfigurationList = B196A4BC244A166200D3D2E0 /* Build configuration list for PBXNativeTarget "Movies" */;
			buildPhases = (
				B182999DA69E66A42709828C /* [CP] Check Pods Manifest.lock */,
				B196A48E244A165F00D3D2E0 /* Sources */,
				B196A48F244A165F00D3D2E0 /* Frameworks */,
				B196A490244A165F00D3D2E0 /* Resources */,
				C153F8543851405CE8771273 /* [CP] Embed Pods Frameworks */,
			);
			buildRules = (
			);
			dependencies = (
			);
			name = Movies;
			productName = Movies;
			productReference = B196A492244A165F00D3D2E0 /* Movies.app */;
			productType = "com.apple.product-type.application";
		};
		B196A4A7244A166200D3D2E0 /* MoviesTests */ = {
			isa = PBXNativeTarget;
			buildConfigurationList = B196A4BF244A166200D3D2E0 /* Build configuration list for PBXNativeTarget "MoviesTests" */;
			buildPhases = (
				2E1A7C5FF41CB9CCCB345178 /* [CP] Check Pods Manifest.lock */,
				B196A4A4244A166200D3D2E0 /* Sources */,
				B196A4A5244A166200D3D2E0 /* Frameworks */,
				B196A4A6244A166200D3D2E0 /* Resources */,
			);
			buildRules = (
			);
			dependencies = (
				B196A4AA244A166200D3D2E0 /* PBXTargetDependency */,
			);
			name = MoviesTests;
			productName = MoviesTests;
			productReference = B196A4A8244A166200D3D2E0 /* MoviesTests.xctest */;
			productType = "com.apple.product-type.bundle.unit-test";
		};
		B196A4B2244A166200D3D2E0 /* MoviesUITests */ = {
			isa = PBXNativeTarget;
			buildConfigurationList = B196A4C2244A166200D3D2E0 /* Build configuration list for PBXNativeTarget "MoviesUITests" */;
			buildPhases = (
				03D4F97C4F9083A04C631E2C /* [CP] Check Pods Manifest.lock */,
				B196A4AF244A166200D3D2E0 /* Sources */,
				B196A4B0244A166200D3D2E0 /* Frameworks */,
				B196A4B1244A166200D3D2E0 /* Resources */,
				9899C1B0FB363F07E002FA5A /* [CP] Embed Pods Frameworks */,
			);
			buildRules = (
			);
			dependencies = (
				B196A4B5244A166200D3D2E0 /* PBXTargetDependency */,
			);
			name = MoviesUITests;
			productName = MoviesUITests;
			productReference = B196A4B3244A166200D3D2E0 /* MoviesUITests.xctest */;
			productType = "com.apple.product-type.bundle.ui-testing";
		};
/* End PBXNativeTarget section */

/* Begin PBXProject section */
		B196A48A244A165F00D3D2E0 /* Project object */ = {
			isa = PBXProject;
			attributes = {
				LastSwiftUpdateCheck = 1140;
				LastUpgradeCheck = 1140;
				ORGANIZATIONNAME = "Sidharth J Dev";
				TargetAttributes = {
					B196A491244A165F00D3D2E0 = {
						CreatedOnToolsVersion = 11.4;
					};
					B196A4A7244A166200D3D2E0 = {
						CreatedOnToolsVersion = 11.4;
						TestTargetID = B196A491244A165F00D3D2E0;
					};
					B196A4B2244A166200D3D2E0 = {
						CreatedOnToolsVersion = 11.4;
						TestTargetID = B196A491244A165F00D3D2E0;
					};
				};
			};
			buildConfigurationList = B196A48D244A165F00D3D2E0 /* Build configuration list for PBXProject "Movies" */;
			compatibilityVersion = "Xcode 9.3";
			developmentRegion = en;
			hasScannedForEncodings = 0;
			knownRegions = (
				en,
				Base,
			);
			mainGroup = B196A489244A165F00D3D2E0;
			productRefGroup = B196A493244A165F00D3D2E0 /* Products */;
			projectDirPath = "";
			projectRoot = "";
			targets = (
				B196A491244A165F00D3D2E0 /* Movies */,
				B196A4A7244A166200D3D2E0 /* MoviesTests */,
				B196A4B2244A166200D3D2E0 /* MoviesUITests */,
			);
		};
/* End PBXProject section */

/* Begin PBXResourcesBuildPhase section */
		B196A490244A165F00D3D2E0 /* Resources */ = {
			isa = PBXResourcesBuildPhase;
			buildActionMask = 2147483647;
			files = (
				B163DEAB244C354300FAB54D /* SourceCodePro-Medium.ttf in Resources */,
				B163DEB0244C354300FAB54D /* SourceCodePro-Regular.ttf in Resources */,
				B163DEAA244C354300FAB54D /* SourceCodePro-Italic.ttf in Resources */,
				B196A4A2244A166200D3D2E0 /* LaunchScreen.storyboard in Resources */,
				B163DEAD244C354300FAB54D /* SourceCodePro-Light.ttf in Resources */,
				B196A49F244A166200D3D2E0 /* Assets.xcassets in Resources */,
				B163DEB7244C354300FAB54D /* SourceCodePro-ExtraLight.ttf in Resources */,
				B163DEB4244C354300FAB54D /* SourceCodePro-Black.ttf in Resources */,
				B163DE97244C070400FAB54D /* ReviewCell.xib in Resources */,
				B163DEB2244C354300FAB54D /* SourceCodePro-SemiBold.ttf in Resources */,
				B163DEB5244C354300FAB54D /* SourceCodePro-Bold.ttf in Resources */,
				B163DEB6244C354300FAB54D /* SourceCodePro-SemiBoldItalic.ttf in Resources */,
				B196A49D244A165F00D3D2E0 /* Main.storyboard in Resources */,
				B163DEAF244C354300FAB54D /* SourceCodePro-BlackItalic.ttf in Resources */,
				B12BDDFA244B633100705E74 /* SynopsisCell.xib in Resources */,
				B12BDE0D244B793400705E74 /* CrewListCell.xib in Resources */,
				B163DEB3244C354300FAB54D /* SourceCodePro-BoldItalic.ttf in Resources */,
				B12BDDE1244AB67700705E74 /* MovieListingCell.xib in Resources */,
				B163DEAE244C354300FAB54D /* SourceCodePro-ExtraLightItalic.ttf in Resources */,
				B163DEB1244C354300FAB54D /* SourceCodePro-LightItalic.ttf in Resources */,
				B12BDE12244B7A2500705E74 /* CrewCell.xib in Resources */,
				B12BDE06244B741200705E74 /* ReviewIndicatorCell.xib in Resources */,
				B163DEAC244C354300FAB54D /* SourceCodePro-MediumItalic.ttf in Resources */,
			);
			runOnlyForDeploymentPostprocessing = 0;
		};
		B196A4A6244A166200D3D2E0 /* Resources */ = {
			isa = PBXResourcesBuildPhase;
			buildActionMask = 2147483647;
			files = (
			);
			runOnlyForDeploymentPostprocessing = 0;
		};
		B196A4B1244A166200D3D2E0 /* Resources */ = {
			isa = PBXResourcesBuildPhase;
			buildActionMask = 2147483647;
			files = (
			);
			runOnlyForDeploymentPostprocessing = 0;
		};
/* End PBXResourcesBuildPhase section */

/* Begin PBXShellScriptBuildPhase section */
		03D4F97C4F9083A04C631E2C /* [CP] Check Pods Manifest.lock */ = {
			isa = PBXShellScriptBuildPhase;
			buildActionMask = 2147483647;
			files = (
			);
			inputFileListPaths = (
			);
			inputPaths = (
				"${PODS_PODFILE_DIR_PATH}/Podfile.lock",
				"${PODS_ROOT}/Manifest.lock",
			);
			name = "[CP] Check Pods Manifest.lock";
			outputFileListPaths = (
			);
			outputPaths = (
				"$(DERIVED_FILE_DIR)/Pods-Movies-MoviesUITests-checkManifestLockResult.txt",
			);
			runOnlyForDeploymentPostprocessing = 0;
			shellPath = /bin/sh;
			shellScript = "diff \"${PODS_PODFILE_DIR_PATH}/Podfile.lock\" \"${PODS_ROOT}/Manifest.lock\" > /dev/null\nif [ $? != 0 ] ; then\n    # print error to STDERR\n    echo \"error: The sandbox is not in sync with the Podfile.lock. Run 'pod install' or update your CocoaPods installation.\" >&2\n    exit 1\nfi\n# This output is used by Xcode 'outputs' to avoid re-running this script phase.\necho \"SUCCESS\" > \"${SCRIPT_OUTPUT_FILE_0}\"\n";
			showEnvVarsInLog = 0;
		};
		2E1A7C5FF41CB9CCCB345178 /* [CP] Check Pods Manifest.lock */ = {
			isa = PBXShellScriptBuildPhase;
			buildActionMask = 2147483647;
			files = (
			);
			inputFileListPaths = (
			);
			inputPaths = (
				"${PODS_PODFILE_DIR_PATH}/Podfile.lock",
				"${PODS_ROOT}/Manifest.lock",
			);
			name = "[CP] Check Pods Manifest.lock";
			outputFileListPaths = (
			);
			outputPaths = (
				"$(DERIVED_FILE_DIR)/Pods-MoviesTests-checkManifestLockResult.txt",
			);
			runOnlyForDeploymentPostprocessing = 0;
			shellPath = /bin/sh;
			shellScript = "diff \"${PODS_PODFILE_DIR_PATH}/Podfile.lock\" \"${PODS_ROOT}/Manifest.lock\" > /dev/null\nif [ $? != 0 ] ; then\n    # print error to STDERR\n    echo \"error: The sandbox is not in sync with the Podfile.lock. Run 'pod install' or update your CocoaPods installation.\" >&2\n    exit 1\nfi\n# This output is used by Xcode 'outputs' to avoid re-running this script phase.\necho \"SUCCESS\" > \"${SCRIPT_OUTPUT_FILE_0}\"\n";
			showEnvVarsInLog = 0;
		};
		9899C1B0FB363F07E002FA5A /* [CP] Embed Pods Frameworks */ = {
			isa = PBXShellScriptBuildPhase;
			buildActionMask = 2147483647;
			files = (
			);
			inputFileListPaths = (
				"${PODS_ROOT}/Target Support Files/Pods-Movies-MoviesUITests/Pods-Movies-MoviesUITests-frameworks-${CONFIGURATION}-input-files.xcfilelist",
			);
			name = "[CP] Embed Pods Frameworks";
			outputFileListPaths = (
				"${PODS_ROOT}/Target Support Files/Pods-Movies-MoviesUITests/Pods-Movies-MoviesUITests-frameworks-${CONFIGURATION}-output-files.xcfilelist",
			);
			runOnlyForDeploymentPostprocessing = 0;
			shellPath = /bin/sh;
			shellScript = "\"${PODS_ROOT}/Target Support Files/Pods-Movies-MoviesUITests/Pods-Movies-MoviesUITests-frameworks.sh\"\n";
			showEnvVarsInLog = 0;
		};
		B182999DA69E66A42709828C /* [CP] Check Pods Manifest.lock */ = {
			isa = PBXShellScriptBuildPhase;
			buildActionMask = 2147483647;
			files = (
			);
			inputFileListPaths = (
			);
			inputPaths = (
				"${PODS_PODFILE_DIR_PATH}/Podfile.lock",
				"${PODS_ROOT}/Manifest.lock",
			);
			name = "[CP] Check Pods Manifest.lock";
			outputFileListPaths = (
			);
			outputPaths = (
				"$(DERIVED_FILE_DIR)/Pods-Movies-checkManifestLockResult.txt",
			);
			runOnlyForDeploymentPostprocessing = 0;
			shellPath = /bin/sh;
			shellScript = "diff \"${PODS_PODFILE_DIR_PATH}/Podfile.lock\" \"${PODS_ROOT}/Manifest.lock\" > /dev/null\nif [ $? != 0 ] ; then\n    # print error to STDERR\n    echo \"error: The sandbox is not in sync with the Podfile.lock. Run 'pod install' or update your CocoaPods installation.\" >&2\n    exit 1\nfi\n# This output is used by Xcode 'outputs' to avoid re-running this script phase.\necho \"SUCCESS\" > \"${SCRIPT_OUTPUT_FILE_0}\"\n";
			showEnvVarsInLog = 0;
		};
		C153F8543851405CE8771273 /* [CP] Embed Pods Frameworks */ = {
			isa = PBXShellScriptBuildPhase;
			buildActionMask = 2147483647;
			files = (
			);
			inputFileListPaths = (
				"${PODS_ROOT}/Target Support Files/Pods-Movies/Pods-Movies-frameworks-${CONFIGURATION}-input-files.xcfilelist",
			);
			name = "[CP] Embed Pods Frameworks";
			outputFileListPaths = (
				"${PODS_ROOT}/Target Support Files/Pods-Movies/Pods-Movies-frameworks-${CONFIGURATION}-output-files.xcfilelist",
			);
			runOnlyForDeploymentPostprocessing = 0;
			shellPath = /bin/sh;
			shellScript = "\"${PODS_ROOT}/Target Support Files/Pods-Movies/Pods-Movies-frameworks.sh\"\n";
			showEnvVarsInLog = 0;
		};
/* End PBXShellScriptBuildPhase section */

/* Begin PBXSourcesBuildPhase section */
		B196A48E244A165F00D3D2E0 /* Sources */ = {
			isa = PBXSourcesBuildPhase;
			buildActionMask = 2147483647;
			files = (
				B12BDDE7244AB7F600705E74 /* General.swift in Sources */,
				B12BDE02244B736500705E74 /* MovieReviewsVM.swift in Sources */,
				B12BDDF5244B43D700705E74 /* MovieDetailsVM.swift in Sources */,
				B163DE93244C059A00FAB54D /* ReviewsView.swift in Sources */,
				B12BDE05244B741200705E74 /* ReviewIndicatorCell.swift in Sources */,
				B12BDE00244B723200705E74 /* ReviewResponseModel.swift in Sources */,
				B196A49A244A165F00D3D2E0 /* MovieListView.swift in Sources */,
				B12BDE09244B772400705E74 /* CrewModel.swift in Sources */,
				B196A496244A165F00D3D2E0 /* AppDelegate.swift in Sources */,
				B196A498244A165F00D3D2E0 /* SceneDelegate.swift in Sources */,
				B12BDDF9244B633100705E74 /* SynopsisCell.swift in Sources */,
				B12BDDF3244B42D600705E74 /* MovieDetailsView.swift in Sources */,
				B163DE99244C1FBE00FAB54D /* StringExtensions.swift in Sources */,
				B12BDDEE244ADAF400705E74 /* MovieModel.swift in Sources */,
				B12BDDEB244ACA0200705E74 /* MovieListVM.swift in Sources */,
				B163DEBA244C39E100FAB54D /* UIColorExtensions.swift in Sources */,
				B12BDDFE244B657D00705E74 /* DetailsModel.swift in Sources */,
				B12BDDE0244AB67700705E74 /* MovieListingCell.swift in Sources */,
				B12BDDE5244AB73E00705E74 /* API.swift in Sources */,
				B12BDE11244B7A2500705E74 /* CrewCell.swift in Sources */,
				B12BDE0C244B793400705E74 /* CrewListCell.swift in Sources */,
				B12BDE15244B80B400705E74 /* ViewExtensions.swift in Sources */,
				B12BDDF1244B420900705E74 /* Constants.swift in Sources */,
				B163DE96244C070400FAB54D /* ReviewCell.swift in Sources */,
			);
			runOnlyForDeploymentPostprocessing = 0;
		};
		B196A4A4244A166200D3D2E0 /* Sources */ = {
			isa = PBXSourcesBuildPhase;
			buildActionMask = 2147483647;
			files = (
				B196A4AD244A166200D3D2E0 /* MoviesTests.swift in Sources */,
			);
			runOnlyForDeploymentPostprocessing = 0;
		};
		B196A4AF244A166200D3D2E0 /* Sources */ = {
			isa = PBXSourcesBuildPhase;
			buildActionMask = 2147483647;
			files = (
				B196A4B8244A166200D3D2E0 /* MoviesUITests.swift in Sources */,
			);
			runOnlyForDeploymentPostprocessing = 0;
		};
/* End PBXSourcesBuildPhase section */

/* Begin PBXTargetDependency section */
		B196A4AA244A166200D3D2E0 /* PBXTargetDependency */ = {
			isa = PBXTargetDependency;
			target = B196A491244A165F00D3D2E0 /* Movies */;
			targetProxy = B196A4A9244A166200D3D2E0 /* PBXContainerItemProxy */;
		};
		B196A4B5244A166200D3D2E0 /* PBXTargetDependency */ = {
			isa = PBXTargetDependency;
			target = B196A491244A165F00D3D2E0 /* Movies */;
			targetProxy = B196A4B4244A166200D3D2E0 /* PBXContainerItemProxy */;
		};
/* End PBXTargetDependency section */

/* Begin PBXVariantGroup section */
		B196A49B244A165F00D3D2E0 /* Main.storyboard */ = {
			isa = PBXVariantGroup;
			children = (
				B196A49C244A165F00D3D2E0 /* Base */,
			);
			name = Main.storyboard;
			sourceTree = "<group>";
		};
		B196A4A0244A166200D3D2E0 /* LaunchScreen.storyboard */ = {
			isa = PBXVariantGroup;
			children = (
				B196A4A1244A166200D3D2E0 /* Base */,
			);
			name = LaunchScreen.storyboard;
			sourceTree = "<group>";
		};
/* End PBXVariantGroup section */

/* Begin XCBuildConfiguration section */
		B196A4BA244A166200D3D2E0 /* Debug */ = {
			isa = XCBuildConfiguration;
			buildSettings = {
				ALWAYS_SEARCH_USER_PATHS = NO;
				CLANG_ANALYZER_NONNULL = YES;
				CLANG_ANALYZER_NUMBER_OBJECT_CONVERSION = YES_AGGRESSIVE;
				CLANG_CXX_LANGUAGE_STANDARD = "gnu++14";
				CLANG_CXX_LIBRARY = "libc++";
				CLANG_ENABLE_MODULES = YES;
				CLANG_ENABLE_OBJC_ARC = YES;
				CLANG_ENABLE_OBJC_WEAK = YES;
				CLANG_WARN_BLOCK_CAPTURE_AUTORELEASING = YES;
				CLANG_WARN_BOOL_CONVERSION = YES;
				CLANG_WARN_COMMA = YES;
				CLANG_WARN_CONSTANT_CONVERSION = YES;
				CLANG_WARN_DEPRECATED_OBJC_IMPLEMENTATIONS = YES;
				CLANG_WARN_DIRECT_OBJC_ISA_USAGE = YES_ERROR;
				CLANG_WARN_DOCUMENTATION_COMMENTS = YES;
				CLANG_WARN_EMPTY_BODY = YES;
				CLANG_WARN_ENUM_CONVERSION = YES;
				CLANG_WARN_INFINITE_RECURSION = YES;
				CLANG_WARN_INT_CONVERSION = YES;
				CLANG_WARN_NON_LITERAL_NULL_CONVERSION = YES;
				CLANG_WARN_OBJC_IMPLICIT_RETAIN_SELF = YES;
				CLANG_WARN_OBJC_LITERAL_CONVERSION = YES;
				CLANG_WARN_OBJC_ROOT_CLASS = YES_ERROR;
				CLANG_WARN_RANGE_LOOP_ANALYSIS = YES;
				CLANG_WARN_STRICT_PROTOTYPES = YES;
				CLANG_WARN_SUSPICIOUS_MOVE = YES;
				CLANG_WARN_UNGUARDED_AVAILABILITY = YES_AGGRESSIVE;
				CLANG_WARN_UNREACHABLE_CODE = YES;
				CLANG_WARN__DUPLICATE_METHOD_MATCH = YES;
				COPY_PHASE_STRIP = NO;
				DEBUG_INFORMATION_FORMAT = dwarf;
				ENABLE_STRICT_OBJC_MSGSEND = YES;
				ENABLE_TESTABILITY = YES;
				GCC_C_LANGUAGE_STANDARD = gnu11;
				GCC_DYNAMIC_NO_PIC = NO;
				GCC_NO_COMMON_BLOCKS = YES;
				GCC_OPTIMIZATION_LEVEL = 0;
				GCC_PREPROCESSOR_DEFINITIONS = (
					"DEBUG=1",
					"$(inherited)",
				);
				GCC_WARN_64_TO_32_BIT_CONVERSION = YES;
				GCC_WARN_ABOUT_RETURN_TYPE = YES_ERROR;
				GCC_WARN_UNDECLARED_SELECTOR = YES;
				GCC_WARN_UNINITIALIZED_AUTOS = YES_AGGRESSIVE;
				GCC_WARN_UNUSED_FUNCTION = YES;
				GCC_WARN_UNUSED_VARIABLE = YES;
				IPHONEOS_DEPLOYMENT_TARGET = 13.4;
				MTL_ENABLE_DEBUG_INFO = INCLUDE_SOURCE;
				MTL_FAST_MATH = YES;
				ONLY_ACTIVE_ARCH = YES;
				SDKROOT = iphoneos;
				SWIFT_ACTIVE_COMPILATION_CONDITIONS = DEBUG;
				SWIFT_OPTIMIZATION_LEVEL = "-Onone";
			};
			name = Debug;
		};
		B196A4BB244A166200D3D2E0 /* Release */ = {
			isa = XCBuildConfiguration;
			buildSettings = {
				ALWAYS_SEARCH_USER_PATHS = NO;
				CLANG_ANALYZER_NONNULL = YES;
				CLANG_ANALYZER_NUMBER_OBJECT_CONVERSION = YES_AGGRESSIVE;
				CLANG_CXX_LANGUAGE_STANDARD = "gnu++14";
				CLANG_CXX_LIBRARY = "libc++";
				CLANG_ENABLE_MODULES = YES;
				CLANG_ENABLE_OBJC_ARC = YES;
				CLANG_ENABLE_OBJC_WEAK = YES;
				CLANG_WARN_BLOCK_CAPTURE_AUTORELEASING = YES;
				CLANG_WARN_BOOL_CONVERSION = YES;
				CLANG_WARN_COMMA = YES;
				CLANG_WARN_CONSTANT_CONVERSION = YES;
				CLANG_WARN_DEPRECATED_OBJC_IMPLEMENTATIONS = YES;
				CLANG_WARN_DIRECT_OBJC_ISA_USAGE = YES_ERROR;
				CLANG_WARN_DOCUMENTATION_COMMENTS = YES;
				CLANG_WARN_EMPTY_BODY = YES;
				CLANG_WARN_ENUM_CONVERSION = YES;
				CLANG_WARN_INFINITE_RECURSION = YES;
				CLANG_WARN_INT_CONVERSION = YES;
				CLANG_WARN_NON_LITERAL_NULL_CONVERSION = YES;
				CLANG_WARN_OBJC_IMPLICIT_RETAIN_SELF = YES;
				CLANG_WARN_OBJC_LITERAL_CONVERSION = YES;
				CLANG_WARN_OBJC_ROOT_CLASS = YES_ERROR;
				CLANG_WARN_RANGE_LOOP_ANALYSIS = YES;
				CLANG_WARN_STRICT_PROTOTYPES = YES;
				CLANG_WARN_SUSPICIOUS_MOVE = YES;
				CLANG_WARN_UNGUARDED_AVAILABILITY = YES_AGGRESSIVE;
				CLANG_WARN_UNREACHABLE_CODE = YES;
				CLANG_WARN__DUPLICATE_METHOD_MATCH = YES;
				COPY_PHASE_STRIP = NO;
				DEBUG_INFORMATION_FORMAT = "dwarf-with-dsym";
				ENABLE_NS_ASSERTIONS = NO;
				ENABLE_STRICT_OBJC_MSGSEND = YES;
				GCC_C_LANGUAGE_STANDARD = gnu11;
				GCC_NO_COMMON_BLOCKS = YES;
				GCC_WARN_64_TO_32_BIT_CONVERSION = YES;
				GCC_WARN_ABOUT_RETURN_TYPE = YES_ERROR;
				GCC_WARN_UNDECLARED_SELECTOR = YES;
				GCC_WARN_UNINITIALIZED_AUTOS = YES_AGGRESSIVE;
				GCC_WARN_UNUSED_FUNCTION = YES;
				GCC_WARN_UNUSED_VARIABLE = YES;
				IPHONEOS_DEPLOYMENT_TARGET = 13.4;
				MTL_ENABLE_DEBUG_INFO = NO;
				MTL_FAST_MATH = YES;
				SDKROOT = iphoneos;
				SWIFT_COMPILATION_MODE = wholemodule;
				SWIFT_OPTIMIZATION_LEVEL = "-O";
				VALIDATE_PRODUCT = YES;
			};
			name = Release;
		};
		B196A4BD244A166200D3D2E0 /* Debug */ = {
			isa = XCBuildConfiguration;
			baseConfigurationReference = 898051EC1C823BA6EA28A371 /* Pods-Movies.debug.xcconfig */;
			buildSettings = {
				ASSETCATALOG_COMPILER_APPICON_NAME = AppIcon;
				CODE_SIGN_STYLE = Automatic;
				DEVELOPMENT_TEAM = GG4A678JCL;
				INFOPLIST_FILE = Movies/Info.plist;
				LD_RUNPATH_SEARCH_PATHS = (
					"$(inherited)",
					"@executable_path/Frameworks",
				);
				PRODUCT_BUNDLE_IDENTIFIER = com.sidjdev.Movies;
				PRODUCT_NAME = "$(TARGET_NAME)";
				SWIFT_VERSION = 5.0;
				TARGETED_DEVICE_FAMILY = 1;
			};
			name = Debug;
		};
		B196A4BE244A166200D3D2E0 /* Release */ = {
			isa = XCBuildConfiguration;
			baseConfigurationReference = D9786D16F82B8AE0072839F6 /* Pods-Movies.release.xcconfig */;
			buildSettings = {
				ASSETCATALOG_COMPILER_APPICON_NAME = AppIcon;
				CODE_SIGN_STYLE = Automatic;
				DEVELOPMENT_TEAM = GG4A678JCL;
				INFOPLIST_FILE = Movies/Info.plist;
				LD_RUNPATH_SEARCH_PATHS = (
					"$(inherited)",
					"@executable_path/Frameworks",
				);
				PRODUCT_BUNDLE_IDENTIFIER = com.sidjdev.Movies;
				PRODUCT_NAME = "$(TARGET_NAME)";
				SWIFT_VERSION = 5.0;
				TARGETED_DEVICE_FAMILY = 1;
			};
			name = Release;
		};
		B196A4C0244A166200D3D2E0 /* Debug */ = {
			isa = XCBuildConfiguration;
			baseConfigurationReference = F198D0201E54C4829EC1DEC7 /* Pods-MoviesTests.debug.xcconfig */;
			buildSettings = {
				ALWAYS_EMBED_SWIFT_STANDARD_LIBRARIES = YES;
				BUNDLE_LOADER = "$(TEST_HOST)";
				CODE_SIGN_STYLE = Automatic;
				DEVELOPMENT_TEAM = GG4A678JCL;
				INFOPLIST_FILE = MoviesTests/Info.plist;
				IPHONEOS_DEPLOYMENT_TARGET = 13.4;
				LD_RUNPATH_SEARCH_PATHS = (
					"$(inherited)",
					"@executable_path/Frameworks",
					"@loader_path/Frameworks",
				);
				PRODUCT_BUNDLE_IDENTIFIER = com.sidjdev.MoviesTests;
				PRODUCT_NAME = "$(TARGET_NAME)";
				SWIFT_VERSION = 5.0;
				TARGETED_DEVICE_FAMILY = "1,2";
				TEST_HOST = "$(BUILT_PRODUCTS_DIR)/Movies.app/Movies";
			};
			name = Debug;
		};
		B196A4C1244A166200D3D2E0 /* Release */ = {
			isa = XCBuildConfiguration;
			baseConfigurationReference = CBFF2456130B036EE88E4668 /* Pods-MoviesTests.release.xcconfig */;
			buildSettings = {
				ALWAYS_EMBED_SWIFT_STANDARD_LIBRARIES = YES;
				BUNDLE_LOADER = "$(TEST_HOST)";
				CODE_SIGN_STYLE = Automatic;
				DEVELOPMENT_TEAM = GG4A678JCL;
				INFOPLIST_FILE = MoviesTests/Info.plist;
				IPHONEOS_DEPLOYMENT_TARGET = 13.4;
				LD_RUNPATH_SEARCH_PATHS = (
					"$(inherited)",
					"@executable_path/Frameworks",
					"@loader_path/Frameworks",
				);
				PRODUCT_BUNDLE_IDENTIFIER = com.sidjdev.MoviesTests;
				PRODUCT_NAME = "$(TARGET_NAME)";
				SWIFT_VERSION = 5.0;
				TARGETED_DEVICE_FAMILY = "1,2";
				TEST_HOST = "$(BUILT_PRODUCTS_DIR)/Movies.app/Movies";
			};
			name = Release;
		};
		B196A4C3244A166200D3D2E0 /* Debug */ = {
			isa = XCBuildConfiguration;
			baseConfigurationReference = F44703C4A20339BB8A05ED72 /* Pods-Movies-MoviesUITests.debug.xcconfig */;
			buildSettings = {
				ALWAYS_EMBED_SWIFT_STANDARD_LIBRARIES = YES;
				CODE_SIGN_STYLE = Automatic;
				DEVELOPMENT_TEAM = GG4A678JCL;
				INFOPLIST_FILE = MoviesUITests/Info.plist;
				LD_RUNPATH_SEARCH_PATHS = (
					"$(inherited)",
					"@executable_path/Frameworks",
					"@loader_path/Frameworks",
				);
				PRODUCT_BUNDLE_IDENTIFIER = com.sidjdev.MoviesUITests;
				PRODUCT_NAME = "$(TARGET_NAME)";
				SWIFT_VERSION = 5.0;
				TARGETED_DEVICE_FAMILY = "1,2";
				TEST_TARGET_NAME = Movies;
			};
			name = Debug;
		};
		B196A4C4244A166200D3D2E0 /* Release */ = {
			isa = XCBuildConfiguration;
			baseConfigurationReference = 6C70B89F99F3F8E0265F675B /* Pods-Movies-MoviesUITests.release.xcconfig */;
			buildSettings = {
				ALWAYS_EMBED_SWIFT_STANDARD_LIBRARIES = YES;
				CODE_SIGN_STYLE = Automatic;
				DEVELOPMENT_TEAM = GG4A678JCL;
				INFOPLIST_FILE = MoviesUITests/Info.plist;
				LD_RUNPATH_SEARCH_PATHS = (
					"$(inherited)",
					"@executable_path/Frameworks",
					"@loader_path/Frameworks",
				);
				PRODUCT_BUNDLE_IDENTIFIER = com.sidjdev.MoviesUITests;
				PRODUCT_NAME = "$(TARGET_NAME)";
				SWIFT_VERSION = 5.0;
				TARGETED_DEVICE_FAMILY = "1,2";
				TEST_TARGET_NAME = Movies;
			};
			name = Release;
		};
/* End XCBuildConfiguration section */

/* Begin XCConfigurationList section */
		B196A48D244A165F00D3D2E0 /* Build configuration list for PBXProject "Movies" */ = {
			isa = XCConfigurationList;
			buildConfigurations = (
				B196A4BA244A166200D3D2E0 /* Debug */,
				B196A4BB244A166200D3D2E0 /* Release */,
			);
			defaultConfigurationIsVisible = 0;
			defaultConfigurationName = Release;
		};
		B196A4BC244A166200D3D2E0 /* Build configuration list for PBXNativeTarget "Movies" */ = {
			isa = XCConfigurationList;
			buildConfigurations = (
				B196A4BD244A166200D3D2E0 /* Debug */,
				B196A4BE244A166200D3D2E0 /* Release */,
			);
			defaultConfigurationIsVisible = 0;
			defaultConfigurationName = Release;
		};
		B196A4BF244A166200D3D2E0 /* Build configuration list for PBXNativeTarget "MoviesTests" */ = {
			isa = XCConfigurationList;
			buildConfigurations = (
				B196A4C0244A166200D3D2E0 /* Debug */,
				B196A4C1244A166200D3D2E0 /* Release */,
			);
			defaultConfigurationIsVisible = 0;
			defaultConfigurationName = Release;
		};
		B196A4C2244A166200D3D2E0 /* Build configuration list for PBXNativeTarget "MoviesUITests" */ = {
			isa = XCConfigurationList;
			buildConfigurations = (
				B196A4C3244A166200D3D2E0 /* Debug */,
				B196A4C4244A166200D3D2E0 /* Release */,
			);
			defaultConfigurationIsVisible = 0;
			defaultConfigurationName = Release;
		};
/* End XCConfigurationList section */
	};
	rootObject = B196A48A244A165F00D3D2E0 /* Project object */;
}
